
Microsoft Visual Studio Solution File, Format Version 12.00
# Visual Studio Version 16
VisualStudioVersion = 16.0.31205.134
MinimumVisualStudioVersion = 10.0.40219.1
Project("{FAE04EC0-301F-11D3-BF4B-00C04F79EFBC}") = "GlowQA", "GlowQA.csproj", "{BF793AD0-7E28-4E39-8A30-9479D520E31C}"
EndProject
Global
	GlobalSection(SolutionConfigurationPlatforms) = preSolution
		Debug|Any CPU = Debug|Any CPU
		Release|Any CPU = Release|Any CPU
	EndGlobalSection
	GlobalSection(ProjectConfigurationPlatforms) = postSolution
		{BF793AD0-7E28-4E39-8A30-9479D520E31C}.Debug|Any CPU.ActiveCfg = Debug|Any CPU
		{BF793AD0-7E28-4E39-8A30-9479D520E31C}.Debug|Any CPU.Build.0 = Debug|Any CPU
		{BF793AD0-7E28-4E39-8A30-9479D520E31C}.Release|Any CPU.ActiveCfg = Release|Any CPU
		{BF793AD0-7E28-4E39-8A30-9479D520E31C}.Release|Any CPU.Build.0 = Release|Any CPU
	EndGlobalSection
	GlobalSection(SolutionProperties) = preSolution
		HideSolutionNode = FALSE
	EndGlobalSection
	GlobalSection(ExtensibilityGlobals) = postSolution
		SolutionGuid = {23F5FCC6-FCF0-454F-96A3-6C8A980F3D16}
	EndGlobalSection
EndGlobal
